
Microsoft Visual Studio Solution File, Format Version 12.00
# Visual Studio Version 17
VisualStudioVersion = 17.11.35312.102
MinimumVisualStudioVersion = 10.0.40219.1
Project("{FAE04EC0-301F-11D3-BF4B-00C04F79EFBC}") = "Week1Calculator", "Week1Calculator\Week1Calculator.csproj", "{3624AE4D-50E5-467C-904E-87DC96D08362}"
EndProject
Global
	GlobalSection(SolutionConfigurationPlatforms) = preSolution
		Debug|Any CPU = Debug|Any CPU
		Release|Any CPU = Release|Any CPU
	EndGlobalSection
	GlobalSection(ProjectConfigurationPlatforms) = postSolution
		{3624AE4D-50E5-467C-904E-87DC96D08362}.Debug|Any CPU.ActiveCfg = Debug|Any CPU
		{3624AE4D-50E5-467C-904E-87DC96D08362}.Debug|Any CPU.Build.0 = Debug|Any CPU
		{3624AE4D-50E5-467C-904E-87DC96D08362}.Release|Any CPU.ActiveCfg = Release|Any CPU
		{3624AE4D-50E5-467C-904E-87DC96D08362}.Release|Any CPU.Build.0 = Release|Any CPU
	EndGlobalSection
	GlobalSection(SolutionProperties) = preSolution
		HideSolutionNode = FALSE
	EndGlobalSection
	GlobalSection(ExtensibilityGlobals) = postSolution
		SolutionGuid = {D50577F8-E7F4-4E84-8E0B-C655AD4AA021}
	EndGlobalSection
EndGlobal
